
Microsoft Visual Studio Solution File, Format Version 12.00
# Visual Studio Version 17
VisualStudioVersion = 17.8.34316.72
MinimumVisualStudioVersion = 10.0.40219.1
Project("{FAE04EC0-301F-11D3-BF4B-00C04F79EFBC}") = "cake shop", "cake shop\cake shop.csproj", "{B100CCC7-BB97-4562-A55D-8D744CA2D100}"
EndProject
Global
	GlobalSection(SolutionConfigurationPlatforms) = preSolution
		Debug|Any CPU = Debug|Any CPU
		Release|Any CPU = Release|Any CPU
	EndGlobalSection
	GlobalSection(ProjectConfigurationPlatforms) = postSolution
		{B100CCC7-BB97-4562-A55D-8D744CA2D100}.Debug|Any CPU.ActiveCfg = Debug|Any CPU
		{B100CCC7-BB97-4562-A55D-8D744CA2D100}.Debug|Any CPU.Build.0 = Debug|Any CPU
		{B100CCC7-BB97-4562-A55D-8D744CA2D100}.Release|Any CPU.ActiveCfg = Release|Any CPU
		{B100CCC7-BB97-4562-A55D-8D744CA2D100}.Release|Any CPU.Build.0 = Release|Any CPU
	EndGlobalSection
	GlobalSection(SolutionProperties) = preSolution
		HideSolutionNode = FALSE
	EndGlobalSection
	GlobalSection(ExtensibilityGlobals) = postSolution
		SolutionGuid = {F89F6C3C-EB04-43FB-8587-46656D1080B1}
	EndGlobalSection
EndGlobal
